{
  "name": "@aicontextlab/core-native",
  "version": "0.1.10",
  "lockfileVersion": 3,
  "requires": true,
  "packages": {
    "": {
      "name": "@aicontextlab/core-native",
      "version": "0.1.10",
      "license": "ISC",
      "devDependencies": {
        "@napi-rs/cli": "^2.18.0"
      },
      "engines": {
        "node": ">= 18"
      },
      "optionalDependencies": {
        "@aicontextlab/core-native-darwin-arm64": "^0.1.0",
        "@aicontextlab/core-native-darwin-x64": "^0.1.0",
        "@aicontextlab/core-native-win32-x64-msvc": "^0.1.0"
      }
    },
    "node_modules/@aicontextlab/core-native-darwin-arm64": {
      "version": "0.1.9",
      "resolved": "https://registry.npmjs.org/@aicontextlab/core-native-darwin-arm64/-/core-native-darwin-arm64-0.1.9.tgz",
      "integrity": "sha512-Ks27Vu+gGbs/Xds4sskbBlJ0UBq6EKoXjHzJwuQftgTvha8a5rhCuO5tl8mrmtFiLmtM2zxha2Hwsfv95N3niQ==",
      "cpu": [
        "arm64"
      ],
      "license": "ISC",
      "optional": true,
      "os": [
        "darwin"
      ]
    },
    "node_modules/@aicontextlab/core-native-darwin-x64": {
      "version": "0.1.9",
      "resolved": "https://registry.npmjs.org/@aicontextlab/core-native-darwin-x64/-/core-native-darwin-x64-0.1.9.tgz",
      "integrity": "sha512-a1xVceTvj3HKQtfbS47tGlw8SVyVtBcgKeUyCOxhB544xkW2hCQcPakr9T5HaTQgsxyQeOafmyh2GYwKLZTVlA==",
      "cpu": [
        "x64"
      ],
      "license": "ISC",
      "optional": true,
      "os": [
        "darwin"
      ]
    },
    "node_modules/@aicontextlab/core-native-win32-x64-msvc": {
      "version": "0.1.9",
      "resolved": "https://registry.npmjs.org/@aicontextlab/core-native-win32-x64-msvc/-/core-native-win32-x64-msvc-0.1.9.tgz",
      "integrity": "sha512-iuseFyR6ICr8zyhKUQJwYPMhLFQUEMq3jZjxyFw17YF+GFsOD1QaUdwhFQJqlb46t7lpIgPTshaVV+uWvm2aaA==",
      "cpu": [
        "x64"
      ],
      "license": "ISC",
      "optional": true,
      "os": [
        "win32"
      ]
    },
    "node_modules/@napi-rs/cli": {
      "version": "2.18.4",
      "resolved": "https://registry.npmjs.org/@napi-rs/cli/-/cli-2.18.4.tgz",
      "integrity": "sha512-SgJeA4df9DE2iAEpr3M2H0OKl/yjtg1BnRI5/JyowS71tUWhrfSu2LT0V3vlHET+g1hBVlrO60PmEXwUEKp8Mg==",
      "dev": true,
      "license": "MIT",
      "bin": {
        "napi": "scripts/index.js"
      },
      "engines": {
        "node": ">= 10"
      },
      "funding": {
        "type": "github",
        "url": "https://github.com/sponsors/Brooooooklyn"
      }
    }
  }
}
